
Microsoft Visual Studio Solution File, Format Version 12.00
# Visual Studio Version 16
VisualStudioVersion = 16.0.32106.194
MinimumVisualStudioVersion = 10.0.40219.1
Project("{FAE04EC0-301F-11D3-BF4B-00C04F79EFBC}") = "Wpf_Basic_App", "Wpf_Basic_App\Wpf_Basic_App.csproj", "{F68D2EAE-778B-4BC8-923C-A3BCE0128A6A}"
EndProject
Project("{FAE04EC0-301F-11D3-BF4B-00C04F79EFBC}") = "Wpf_Basic_App2", "Wpf_Basic_App2\Wpf_Basic_App2.csproj", "{FCAA85C7-EDC5-4E76-A2E6-19A8D93EF8A6}"
EndProject
Global
	GlobalSection(SolutionConfigurationPlatforms) = preSolution
		Debug|Any CPU = Debug|Any CPU
		Release|Any CPU = Release|Any CPU
	EndGlobalSection
	GlobalSection(ProjectConfigurationPlatforms) = postSolution
		{F68D2EAE-778B-4BC8-923C-A3BCE0128A6A}.Debug|Any CPU.ActiveCfg = Debug|Any CPU
		{F68D2EAE-778B-4BC8-923C-A3BCE0128A6A}.Debug|Any CPU.Build.0 = Debug|Any CPU
		{F68D2EAE-778B-4BC8-923C-A3BCE0128A6A}.Release|Any CPU.ActiveCfg = Release|Any CPU
		{F68D2EAE-778B-4BC8-923C-A3BCE0128A6A}.Release|Any CPU.Build.0 = Release|Any CPU
		{FCAA85C7-EDC5-4E76-A2E6-19A8D93EF8A6}.Debug|Any CPU.ActiveCfg = Debug|Any CPU
		{FCAA85C7-EDC5-4E76-A2E6-19A8D93EF8A6}.Debug|Any CPU.Build.0 = Debug|Any CPU
		{FCAA85C7-EDC5-4E76-A2E6-19A8D93EF8A6}.Release|Any CPU.ActiveCfg = Release|Any CPU
		{FCAA85C7-EDC5-4E76-A2E6-19A8D93EF8A6}.Release|Any CPU.Build.0 = Release|Any CPU
	EndGlobalSection
	GlobalSection(SolutionProperties) = preSolution
		HideSolutionNode = FALSE
	EndGlobalSection
	GlobalSection(ExtensibilityGlobals) = postSolution
		SolutionGuid = {ECA7DB54-65D6-478F-BF61-37D687262DC9}
	EndGlobalSection
EndGlobal
