
Microsoft Visual Studio Solution File, Format Version 12.00
# Visual Studio Version 16
VisualStudioVersion = 16.0.32106.194
MinimumVisualStudioVersion = 10.0.40219.1
Project("{FAE04EC0-301F-11D3-BF4B-00C04F79EFBC}") = "A009_VariablesAndWrite", "A009_VariablesAndWrite\A009_VariablesAndWrite.csproj", "{8CFCE2AA-F9C5-4AFD-BDBE-1C802F566F6D}"
EndProject
Global
	GlobalSection(SolutionConfigurationPlatforms) = preSolution
		Debug|Any CPU = Debug|Any CPU
		Release|Any CPU = Release|Any CPU
	EndGlobalSection
	GlobalSection(ProjectConfigurationPlatforms) = postSolution
		{8CFCE2AA-F9C5-4AFD-BDBE-1C802F566F6D}.Debug|Any CPU.ActiveCfg = Debug|Any CPU
		{8CFCE2AA-F9C5-4AFD-BDBE-1C802F566F6D}.Debug|Any CPU.Build.0 = Debug|Any CPU
		{8CFCE2AA-F9C5-4AFD-BDBE-1C802F566F6D}.Release|Any CPU.ActiveCfg = Release|Any CPU
		{8CFCE2AA-F9C5-4AFD-BDBE-1C802F566F6D}.Release|Any CPU.Build.0 = Release|Any CPU
	EndGlobalSection
	GlobalSection(SolutionProperties) = preSolution
		HideSolutionNode = FALSE
	EndGlobalSection
	GlobalSection(ExtensibilityGlobals) = postSolution
		SolutionGuid = {FCFAAB8E-B1BA-4972-84F9-6A8898964C63}
	EndGlobalSection
EndGlobal
