
Microsoft Visual Studio Solution File, Format Version 12.00
# Visual Studio Version 16
VisualStudioVersion = 16.0.32106.194
MinimumVisualStudioVersion = 10.0.40219.1
Project("{FAE04EC0-301F-11D3-BF4B-00C04F79EFBC}") = "A004_Variable", "A004_Variable\A004_Variable.csproj", "{D03A5059-4947-48D3-95E9-C376392FBFB7}"
EndProject
Global
	GlobalSection(SolutionConfigurationPlatforms) = preSolution
		Debug|Any CPU = Debug|Any CPU
		Release|Any CPU = Release|Any CPU
	EndGlobalSection
	GlobalSection(ProjectConfigurationPlatforms) = postSolution
		{D03A5059-4947-48D3-95E9-C376392FBFB7}.Debug|Any CPU.ActiveCfg = Debug|Any CPU
		{D03A5059-4947-48D3-95E9-C376392FBFB7}.Debug|Any CPU.Build.0 = Debug|Any CPU
		{D03A5059-4947-48D3-95E9-C376392FBFB7}.Release|Any CPU.ActiveCfg = Release|Any CPU
		{D03A5059-4947-48D3-95E9-C376392FBFB7}.Release|Any CPU.Build.0 = Release|Any CPU
	EndGlobalSection
	GlobalSection(SolutionProperties) = preSolution
		HideSolutionNode = FALSE
	EndGlobalSection
	GlobalSection(ExtensibilityGlobals) = postSolution
		SolutionGuid = {669B5460-5906-43A9-B44F-5F172494C743}
	EndGlobalSection
EndGlobal
