
Microsoft Visual Studio Solution File, Format Version 12.00
# Visual Studio Version 16
VisualStudioVersion = 16.0.32106.194
MinimumVisualStudioVersion = 10.0.40219.1
Project("{FAE04EC0-301F-11D3-BF4B-00C04F79EFBC}") = "A014_StringToNumber", "A014_StringToNumber\A014_StringToNumber.csproj", "{329990DF-3404-4808-8164-26AC058D08DE}"
EndProject
Global
	GlobalSection(SolutionConfigurationPlatforms) = preSolution
		Debug|Any CPU = Debug|Any CPU
		Release|Any CPU = Release|Any CPU
	EndGlobalSection
	GlobalSection(ProjectConfigurationPlatforms) = postSolution
		{329990DF-3404-4808-8164-26AC058D08DE}.Debug|Any CPU.ActiveCfg = Debug|Any CPU
		{329990DF-3404-4808-8164-26AC058D08DE}.Debug|Any CPU.Build.0 = Debug|Any CPU
		{329990DF-3404-4808-8164-26AC058D08DE}.Release|Any CPU.ActiveCfg = Release|Any CPU
		{329990DF-3404-4808-8164-26AC058D08DE}.Release|Any CPU.Build.0 = Release|Any CPU
	EndGlobalSection
	GlobalSection(SolutionProperties) = preSolution
		HideSolutionNode = FALSE
	EndGlobalSection
	GlobalSection(ExtensibilityGlobals) = postSolution
		SolutionGuid = {DB18DE37-2161-4AD6-A4F0-09842A6DFD4E}
	EndGlobalSection
EndGlobal
