
Microsoft Visual Studio Solution File, Format Version 12.00
# Visual Studio Version 16
VisualStudioVersion = 16.0.32106.194
MinimumVisualStudioVersion = 10.0.40219.1
Project("{FAE04EC0-301F-11D3-BF4B-00C04F79EFBC}") = "Wpf_Bike_Shop", "Wpf_Bike_Shop\Wpf_Bike_Shop.csproj", "{EF054547-2DC6-48C8-8C83-0219FE121AC5}"
EndProject
Global
	GlobalSection(SolutionConfigurationPlatforms) = preSolution
		Debug|Any CPU = Debug|Any CPU
		Release|Any CPU = Release|Any CPU
	EndGlobalSection
	GlobalSection(ProjectConfigurationPlatforms) = postSolution
		{EF054547-2DC6-48C8-8C83-0219FE121AC5}.Debug|Any CPU.ActiveCfg = Debug|Any CPU
		{EF054547-2DC6-48C8-8C83-0219FE121AC5}.Debug|Any CPU.Build.0 = Debug|Any CPU
		{EF054547-2DC6-48C8-8C83-0219FE121AC5}.Release|Any CPU.ActiveCfg = Release|Any CPU
		{EF054547-2DC6-48C8-8C83-0219FE121AC5}.Release|Any CPU.Build.0 = Release|Any CPU
	EndGlobalSection
	GlobalSection(SolutionProperties) = preSolution
		HideSolutionNode = FALSE
	EndGlobalSection
	GlobalSection(ExtensibilityGlobals) = postSolution
		SolutionGuid = {8F93D851-6AFC-4937-A4A4-069C6AE24D1F}
	EndGlobalSection
EndGlobal
