
Microsoft Visual Studio Solution File, Format Version 12.00
# Visual Studio Version 16
VisualStudioVersion = 16.0.32106.194
MinimumVisualStudioVersion = 10.0.40219.1
Project("{FAE04EC0-301F-11D3-BF4B-00C04F79EFBC}") = "A002_HelloWorld", "A002_HelloWorld\A002_HelloWorld.csproj", "{1DCE7442-C56F-4392-810C-000F5D380C84}"
EndProject
Global
	GlobalSection(SolutionConfigurationPlatforms) = preSolution
		Debug|Any CPU = Debug|Any CPU
		Release|Any CPU = Release|Any CPU
	EndGlobalSection
	GlobalSection(ProjectConfigurationPlatforms) = postSolution
		{1DCE7442-C56F-4392-810C-000F5D380C84}.Debug|Any CPU.ActiveCfg = Debug|Any CPU
		{1DCE7442-C56F-4392-810C-000F5D380C84}.Debug|Any CPU.Build.0 = Debug|Any CPU
		{1DCE7442-C56F-4392-810C-000F5D380C84}.Release|Any CPU.ActiveCfg = Release|Any CPU
		{1DCE7442-C56F-4392-810C-000F5D380C84}.Release|Any CPU.Build.0 = Release|Any CPU
	EndGlobalSection
	GlobalSection(SolutionProperties) = preSolution
		HideSolutionNode = FALSE
	EndGlobalSection
	GlobalSection(ExtensibilityGlobals) = postSolution
		SolutionGuid = {0D52F4CF-BD49-452D-84D0-C0857B021837}
	EndGlobalSection
EndGlobal
