
Microsoft Visual Studio Solution File, Format Version 12.00
# Visual Studio Version 16
VisualStudioVersion = 16.0.32106.194
MinimumVisualStudioVersion = 10.0.40219.1
Project("{FAE04EC0-301F-11D3-BF4B-00C04F79EFBC}") = "A012_FloatDoubleDecimal", "A012_FloatDoubleDecimal\A012_FloatDoubleDecimal.csproj", "{2CE1136D-3105-4F39-BD63-5233AD319D0D}"
EndProject
Global
	GlobalSection(SolutionConfigurationPlatforms) = preSolution
		Debug|Any CPU = Debug|Any CPU
		Release|Any CPU = Release|Any CPU
	EndGlobalSection
	GlobalSection(ProjectConfigurationPlatforms) = postSolution
		{2CE1136D-3105-4F39-BD63-5233AD319D0D}.Debug|Any CPU.ActiveCfg = Debug|Any CPU
		{2CE1136D-3105-4F39-BD63-5233AD319D0D}.Debug|Any CPU.Build.0 = Debug|Any CPU
		{2CE1136D-3105-4F39-BD63-5233AD319D0D}.Release|Any CPU.ActiveCfg = Release|Any CPU
		{2CE1136D-3105-4F39-BD63-5233AD319D0D}.Release|Any CPU.Build.0 = Release|Any CPU
	EndGlobalSection
	GlobalSection(SolutionProperties) = preSolution
		HideSolutionNode = FALSE
	EndGlobalSection
	GlobalSection(ExtensibilityGlobals) = postSolution
		SolutionGuid = {DD8787C1-20DB-4243-A599-58944E4C0230}
	EndGlobalSection
EndGlobal
