
Microsoft Visual Studio Solution File, Format Version 12.00
# Visual Studio Version 16
VisualStudioVersion = 16.0.32106.194
MinimumVisualStudioVersion = 10.0.40219.1
Project("{FAE04EC0-301F-11D3-BF4B-00C04F79EFBC}") = "A016_Operators", "A016_Operators\A016_Operators.csproj", "{4E1A43C2-6970-4BBE-9D79-86084D616440}"
EndProject
Global
	GlobalSection(SolutionConfigurationPlatforms) = preSolution
		Debug|Any CPU = Debug|Any CPU
		Release|Any CPU = Release|Any CPU
	EndGlobalSection
	GlobalSection(ProjectConfigurationPlatforms) = postSolution
		{4E1A43C2-6970-4BBE-9D79-86084D616440}.Debug|Any CPU.ActiveCfg = Debug|Any CPU
		{4E1A43C2-6970-4BBE-9D79-86084D616440}.Debug|Any CPU.Build.0 = Debug|Any CPU
		{4E1A43C2-6970-4BBE-9D79-86084D616440}.Release|Any CPU.ActiveCfg = Release|Any CPU
		{4E1A43C2-6970-4BBE-9D79-86084D616440}.Release|Any CPU.Build.0 = Release|Any CPU
	EndGlobalSection
	GlobalSection(SolutionProperties) = preSolution
		HideSolutionNode = FALSE
	EndGlobalSection
	GlobalSection(ExtensibilityGlobals) = postSolution
		SolutionGuid = {D6EA5E72-93BB-4FE7-96F5-6D2370B1A295}
	EndGlobalSection
EndGlobal
